// !$*UTF8*$!
{
	archiveVersion = 1;
	classes = {
	};
	objectVersion = 50;
	objects = {

/* Begin PBXBuildFile section */
		9C6D1A91256FD1A2001F89BD /* AppDelegate.swift in Sources */ = {isa = PBXBuildFile; fileRef = 9C6D1A90256FD1A2001F89BD /* AppDelegate.swift */; };
		9C6D1A93256FD1A2001F89BD /* SceneDelegate.swift in Sources */ = {isa = PBXBuildFile; fileRef = 9C6D1A92256FD1A2001F89BD /* SceneDelegate.swift */; };
		9C6D1A95256FD1A2001F89BD /* ContentView.swift in Sources */ = {isa = PBXBuildFile; fileRef = 9C6D1A94256FD1A2001F89BD /* ContentView.swift */; };
		9C6D1A97256FD1A5001F89BD /* Assets.xcassets in Resources */ = {isa = PBXBuildFile; fileRef = 9C6D1A96256FD1A5001F89BD /* Assets.xcassets */; };
		9C6D1A9A256FD1A5001F89BD /* Preview Assets.xcassets in Resources */ = {isa = PBXBuildFile; fileRef = 9C6D1A99256FD1A5001F89BD /* Preview Assets.xcassets */; };
		9C6D1A9D256FD1A5001F89BD /* LaunchScreen.storyboard in Resources */ = {isa = PBXBuildFile; fileRef = 9C6D1A9B256FD1A5001F89BD /* LaunchScreen.storyboard */; };
		9C6D1AA7256FD226001F89BD /* Employee.swift in Sources */ = {isa = PBXBuildFile; fileRef = 9C6D1AA6256FD226001F89BD /* Employee.swift */; };
		9C6D1AAB256FD266001F89BD /* Schedule.swift in Sources */ = {isa = PBXBuildFile; fileRef = 9C6D1AAA256FD266001F89BD /* Schedule.swift */; };
		9C6D1AAE256FD284001F89BD /* StudentGroup.swift in Sources */ = {isa = PBXBuildFile; fileRef = 9C6D1AAD256FD284001F89BD /* StudentGroup.swift */; };
		9C6D1AB1256FD29C001F89BD /* ScheduleGroup.swift in Sources */ = {isa = PBXBuildFile; fileRef = 9C6D1AB0256FD29C001F89BD /* ScheduleGroup.swift */; };
		9C6D1AB4256FD2AE001F89BD /* Model.swift in Sources */ = {isa = PBXBuildFile; fileRef = 9C6D1AB3256FD2AE001F89BD /* Model.swift */; };
		9CE13F2E25716E1F0018C5EC /* scheduleCurrent.swift in Sources */ = {isa = PBXBuildFile; fileRef = 9CE13F2D25716E1F0018C5EC /* scheduleCurrent.swift */; };
/* End PBXBuildFile section */

/* Begin PBXFileReference section */
		9C6D1A8D256FD1A2001F89BD /* BSUIR Schedule.app */ = {isa = PBXFileReference; explicitFileType = wrapper.application; includeInIndex = 0; path = "BSUIR Schedule.app"; sourceTree = BUILT_PRODUCTS_DIR; };
		9C6D1A90256FD1A2001F89BD /* AppDelegate.swift */ = {isa = PBXFileReference; lastKnownFileType = sourcecode.swift; path = AppDelegate.swift; sourceTree = "<group>"; };
		9C6D1A92256FD1A2001F89BD /* SceneDelegate.swift */ = {isa = PBXFileReference; lastKnownFileType = sourcecode.swift; path = SceneDelegate.swift; sourceTree = "<group>"; };
		9C6D1A94256FD1A2001F89BD /* ContentView.swift */ = {isa = PBXFileReference; lastKnownFileType = sourcecode.swift; path = ContentView.swift; sourceTree = "<group>"; };
		9C6D1A96256FD1A5001F89BD /* Assets.xcassets */ = {isa = PBXFileReference; lastKnownFileType = folder.assetcatalog; path = Assets.xcassets; sourceTree = "<group>"; };
		9C6D1A99256FD1A5001F89BD /* Preview Assets.xcassets */ = {isa = PBXFileReference; lastKnownFileType = folder.assetcatalog; path = "Preview Assets.xcassets"; sourceTree = "<group>"; };
		9C6D1A9C256FD1A5001F89BD /* Base */ = {isa = PBXFileReference; lastKnownFileType = file.storyboard; name = Base; path = Base.lproj/LaunchScreen.storyboard; sourceTree = "<group>"; };
		9C6D1A9E256FD1A5001F89BD /* Info.plist */ = {isa = PBXFileReference; lastKnownFileType = text.plist.xml; path = Info.plist; sourceTree = "<group>"; };
		9C6D1AA6256FD226001F89BD /* Employee.swift */ = {isa = PBXFileReference; lastKnownFileType = sourcecode.swift; path = Employee.swift; sourceTree = "<group>"; };
		9C6D1AAA256FD266001F89BD /* Schedule.swift */ = {isa = PBXFileReference; lastKnownFileType = sourcecode.swift; path = Schedule.swift; sourceTree = "<group>"; };
		9C6D1AAD256FD284001F89BD /* StudentGroup.swift */ = {isa = PBXFileReference; lastKnownFileType = sourcecode.swift; path = StudentGroup.swift; sourceTree = "<group>"; };
		9C6D1AB0256FD29C001F89BD /* ScheduleGroup.swift */ = {isa = PBXFileReference; lastKnownFileType = sourcecode.swift; path = ScheduleGroup.swift; sourceTree = "<group>"; };
		9C6D1AB3256FD2AE001F89BD /* Model.swift */ = {isa = PBXFileReference; lastKnownFileType = sourcecode.swift; path = Model.swift; sourceTree = "<group>"; };
		9CE13F2D25716E1F0018C5EC /* scheduleCurrent.swift */ = {isa = PBXFileReference; lastKnownFileType = sourcecode.swift; path = scheduleCurrent.swift; sourceTree = "<group>"; };
/* End PBXFileReference section */

/* Begin PBXFrameworksBuildPhase section */
		9C6D1A8A256FD1A2001F89BD /* Frameworks */ = {
			isa = PBXFrameworksBuildPhase;
			buildActionMask = 2147483647;
			files = (
			);
			runOnlyForDeploymentPostprocessing = 0;
		};
/* End PBXFrameworksBuildPhase section */

/* Begin PBXGroup section */
		9C6D1A84256FD1A2001F89BD = {
			isa = PBXGroup;
			children = (
				9C6D1A8F256FD1A2001F89BD /* BSUIR Schedule */,
				9C6D1A8E256FD1A2001F89BD /* Products */,
			);
			sourceTree = "<group>";
		};
		9C6D1A8E256FD1A2001F89BD /* Products */ = {
			isa = PBXGroup;
			children = (
				9C6D1A8D256FD1A2001F89BD /* BSUIR Schedule.app */,
			);
			name = Products;
			sourceTree = "<group>";
		};
		9C6D1A8F256FD1A2001F89BD /* BSUIR Schedule */ = {
			isa = PBXGroup;
			children = (
				9C6D1AA5256FD211001F89BD /* Model */,
				9C6D1A90256FD1A2001F89BD /* AppDelegate.swift */,
				9C6D1A92256FD1A2001F89BD /* SceneDelegate.swift */,
				9C6D1A94256FD1A2001F89BD /* ContentView.swift */,
				9C6D1A96256FD1A5001F89BD /* Assets.xcassets */,
				9C6D1A9B256FD1A5001F89BD /* LaunchScreen.storyboard */,
				9C6D1A9E256FD1A5001F89BD /* Info.plist */,
				9C6D1A98256FD1A5001F89BD /* Preview Content */,
			);
			path = "BSUIR Schedule";
			sourceTree = "<group>";
		};
		9C6D1A98256FD1A5001F89BD /* Preview Content */ = {
			isa = PBXGroup;
			children = (
				9C6D1A99256FD1A5001F89BD /* Preview Assets.xcassets */,
			);
			path = "Preview Content";
			sourceTree = "<group>";
		};
		9C6D1AA5256FD211001F89BD /* Model */ = {
			isa = PBXGroup;
			children = (
				9C6D1AA6256FD226001F89BD /* Employee.swift */,
				9CE13F2D25716E1F0018C5EC /* scheduleCurrent.swift */,
				9C6D1AAA256FD266001F89BD /* Schedule.swift */,
				9C6D1AAD256FD284001F89BD /* StudentGroup.swift */,
				9C6D1AB0256FD29C001F89BD /* ScheduleGroup.swift */,
				9C6D1AB3256FD2AE001F89BD /* Model.swift */,
			);
			path = Model;
			sourceTree = "<group>";
		};
/* End PBXGroup section */

/* Begin PBXNativeTarget section */
		9C6D1A8C256FD1A2001F89BD /* BSUIR Schedule */ = {
			isa = PBXNativeTarget;
			buildConfigurationList = 9C6D1AA1256FD1A5001F89BD /* Build configuration list for PBXNativeTarget "BSUIR Schedule" */;
			buildPhases = (
				9C6D1A89256FD1A2001F89BD /* Sources */,
				9C6D1A8A256FD1A2001F89BD /* Frameworks */,
				9C6D1A8B256FD1A2001F89BD /* Resources */,
			);
			buildRules = (
			);
			dependencies = (
			);
			name = "BSUIR Schedule";
			productName = "BSUIR Schedule";
			productReference = 9C6D1A8D256FD1A2001F89BD /* BSUIR Schedule.app */;
			productType = "com.apple.product-type.application";
		};
/* End PBXNativeTarget section */

/* Begin PBXProject section */
		9C6D1A85256FD1A2001F89BD /* Project object */ = {
			isa = PBXProject;
			attributes = {
				LastSwiftUpdateCheck = 1200;
				LastUpgradeCheck = 1200;
				TargetAttributes = {
					9C6D1A8C256FD1A2001F89BD = {
						CreatedOnToolsVersion = 12.0.1;
					};
				};
			};
			buildConfigurationList = 9C6D1A88256FD1A2001F89BD /* Build configuration list for PBXProject "BSUIR Schedule" */;
			compatibilityVersion = "Xcode 9.3";
			developmentRegion = en;
			hasScannedForEncodings = 0;
			knownRegions = (
				en,
				Base,
			);
			mainGroup = 9C6D1A84256FD1A2001F89BD;
			productRefGroup = 9C6D1A8E256FD1A2001F89BD /* Products */;
			projectDirPath = "";
			projectRoot = "";
			targets = (
				9C6D1A8C256FD1A2001F89BD /* BSUIR Schedule */,
			);
		};
/* End PBXProject section */

/* Begin PBXResourcesBuildPhase section */
		9C6D1A8B256FD1A2001F89BD /* Resources */ = {
			isa = PBXResourcesBuildPhase;
			buildActionMask = 2147483647;
			files = (
				9C6D1A9D256FD1A5001F89BD /* LaunchScreen.storyboard in Resources */,
				9C6D1A9A256FD1A5001F89BD /* Preview Assets.xcassets in Resources */,
				9C6D1A97256FD1A5001F89BD /* Assets.xcassets in Resources */,
			);
			runOnlyForDeploymentPostprocessing = 0;
		};
/* End PBXResourcesBuildPhase section */

/* Begin PBXSourcesBuildPhase section */
		9C6D1A89256FD1A2001F89BD /* Sources */ = {
			isa = PBXSourcesBuildPhase;
			buildActionMask = 2147483647;
			files = (
				9C6D1A91256FD1A2001F89BD /* AppDelegate.swift in Sources */,
				9C6D1AA7256FD226001F89BD /* Employee.swift in Sources */,
				9C6D1A93256FD1A2001F89BD /* SceneDelegate.swift in Sources */,
				9C6D1AAE256FD284001F89BD /* StudentGroup.swift in Sources */,
				9C6D1AB1256FD29C001F89BD /* ScheduleGroup.swift in Sources */,
				9C6D1AAB256FD266001F89BD /* Schedule.swift in Sources */,
				9C6D1A95256FD1A2001F89BD /* ContentView.swift in Sources */,
				9CE13F2E25716E1F0018C5EC /* scheduleCurrent.swift in Sources */,
				9C6D1AB4256FD2AE001F89BD /* Model.swift in Sources */,
			);
			runOnlyForDeploymentPostprocessing = 0;
		};
/* End PBXSourcesBuildPhase section */

/* Begin PBXVariantGroup section */
		9C6D1A9B256FD1A5001F89BD /* LaunchScreen.storyboard */ = {
			isa = PBXVariantGroup;
			children = (
				9C6D1A9C256FD1A5001F89BD /* Base */,
			);
			name = LaunchScreen.storyboard;
			sourceTree = "<group>";
		};
/* End PBXVariantGroup section */

/* Begin XCBuildConfiguration section */
		9C6D1A9F256FD1A5001F89BD /* Debug */ = {
			isa = XCBuildConfiguration;
			buildSettings = {
				ALWAYS_SEARCH_USER_PATHS = NO;
				CLANG_ANALYZER_NONNULL = YES;
				CLANG_ANALYZER_NUMBER_OBJECT_CONVERSION = YES_AGGRESSIVE;
				CLANG_CXX_LANGUAGE_STANDARD = "gnu++14";
				CLANG_CXX_LIBRARY = "libc++";
				CLANG_ENABLE_MODULES = YES;
				CLANG_ENABLE_OBJC_ARC = YES;
				CLANG_ENABLE_OBJC_WEAK = YES;
				CLANG_WARN_BLOCK_CAPTURE_AUTORELEASING = YES;
				CLANG_WARN_BOOL_CONVERSION = YES;
				CLANG_WARN_COMMA = YES;
				CLANG_WARN_CONSTANT_CONVERSION = YES;
				CLANG_WARN_DEPRECATED_OBJC_IMPLEMENTATIONS = YES;
				CLANG_WARN_DIRECT_OBJC_ISA_USAGE = YES_ERROR;
				CLANG_WARN_DOCUMENTATION_COMMENTS = YES;
				CLANG_WARN_EMPTY_BODY = YES;
				CLANG_WARN_ENUM_CONVERSION = YES;
				CLANG_WARN_INFINITE_RECURSION = YES;
				CLANG_WARN_INT_CONVERSION = YES;
				CLANG_WARN_NON_LITERAL_NULL_CONVERSION = YES;
				CLANG_WARN_OBJC_IMPLICIT_RETAIN_SELF = YES;
				CLANG_WARN_OBJC_LITERAL_CONVERSION = YES;
				CLANG_WARN_OBJC_ROOT_CLASS = YES_ERROR;
				CLANG_WARN_QUOTED_INCLUDE_IN_FRAMEWORK_HEADER = YES;
				CLANG_WARN_RANGE_LOOP_ANALYSIS = YES;
				CLANG_WARN_STRICT_PROTOTYPES = YES;
				CLANG_WARN_SUSPICIOUS_MOVE = YES;
				CLANG_WARN_UNGUARDED_AVAILABILITY = YES_AGGRESSIVE;
				CLANG_WARN_UNREACHABLE_CODE = YES;
				CLANG_WARN__DUPLICATE_METHOD_MATCH = YES;
				COPY_PHASE_STRIP = NO;
				DEBUG_INFORMATION_FORMAT = dwarf;
				ENABLE_STRICT_OBJC_MSGSEND = YES;
				ENABLE_TESTABILITY = YES;
				GCC_C_LANGUAGE_STANDARD = gnu11;
				GCC_DYNAMIC_NO_PIC = NO;
				GCC_NO_COMMON_BLOCKS = YES;
				GCC_OPTIMIZATION_LEVEL = 0;
				GCC_PREPROCESSOR_DEFINITIONS = (
					"DEBUG=1",
					"$(inherited)",
				);
				GCC_WARN_64_TO_32_BIT_CONVERSION = YES;
				GCC_WARN_ABOUT_RETURN_TYPE = YES_ERROR;
				GCC_WARN_UNDECLARED_SELECTOR = YES;
				GCC_WARN_UNINITIALIZED_AUTOS = YES_AGGRESSIVE;
				GCC_WARN_UNUSED_FUNCTION = YES;
				GCC_WARN_UNUSED_VARIABLE = YES;
				IPHONEOS_DEPLOYMENT_TARGET = 14.0;
				MTL_ENABLE_DEBUG_INFO = INCLUDE_SOURCE;
				MTL_FAST_MATH = YES;
				ONLY_ACTIVE_ARCH = YES;
				SDKROOT = iphoneos;
				SWIFT_ACTIVE_COMPILATION_CONDITIONS = DEBUG;
				SWIFT_OPTIMIZATION_LEVEL = "-Onone";
			};
			name = Debug;
		};
		9C6D1AA0256FD1A5001F89BD /* Release */ = {
			isa = XCBuildConfiguration;
			buildSettings = {
				ALWAYS_SEARCH_USER_PATHS = NO;
				CLANG_ANALYZER_NONNULL = YES;
				CLANG_ANALYZER_NUMBER_OBJECT_CONVERSION = YES_AGGRESSIVE;
				CLANG_CXX_LANGUAGE_STANDARD = "gnu++14";
				CLANG_CXX_LIBRARY = "libc++";
				CLANG_ENABLE_MODULES = YES;
				CLANG_ENABLE_OBJC_ARC = YES;
				CLANG_ENABLE_OBJC_WEAK = YES;
				CLANG_WARN_BLOCK_CAPTURE_AUTORELEASING = YES;
				CLANG_WARN_BOOL_CONVERSION = YES;
				CLANG_WARN_COMMA = YES;
				CLANG_WARN_CONSTANT_CONVERSION = YES;
				CLANG_WARN_DEPRECATED_OBJC_IMPLEMENTATIONS = YES;
				CLANG_WARN_DIRECT_OBJC_ISA_USAGE = YES_ERROR;
				CLANG_WARN_DOCUMENTATION_COMMENTS = YES;
				CLANG_WARN_EMPTY_BODY = YES;
				CLANG_WARN_ENUM_CONVERSION = YES;
				CLANG_WARN_INFINITE_RECURSION = YES;
				CLANG_WARN_INT_CONVERSION = YES;
				CLANG_WARN_NON_LITERAL_NULL_CONVERSION = YES;
				CLANG_WARN_OBJC_IMPLICIT_RETAIN_SELF = YES;
				CLANG_WARN_OBJC_LITERAL_CONVERSION = YES;
				CLANG_WARN_OBJC_ROOT_CLASS = YES_ERROR;
				CLANG_WARN_QUOTED_INCLUDE_IN_FRAMEWORK_HEADER = YES;
				CLANG_WARN_RANGE_LOOP_ANALYSIS = YES;
				CLANG_WARN_STRICT_PROTOTYPES = YES;
				CLANG_WARN_SUSPICIOUS_MOVE = YES;
				CLANG_WARN_UNGUARDED_AVAILABILITY = YES_AGGRESSIVE;
				CLANG_WARN_UNREACHABLE_CODE = YES;
				CLANG_WARN__DUPLICATE_METHOD_MATCH = YES;
				COPY_PHASE_STRIP = NO;
				DEBUG_INFORMATION_FORMAT = "dwarf-with-dsym";
				ENABLE_NS_ASSERTIONS = NO;
				ENABLE_STRICT_OBJC_MSGSEND = YES;
				GCC_C_LANGUAGE_STANDARD = gnu11;
				GCC_NO_COMMON_BLOCKS = YES;
				GCC_WARN_64_TO_32_BIT_CONVERSION = YES;
				GCC_WARN_ABOUT_RETURN_TYPE = YES_ERROR;
				GCC_WARN_UNDECLARED_SELECTOR = YES;
				GCC_WARN_UNINITIALIZED_AUTOS = YES_AGGRESSIVE;
				GCC_WARN_UNUSED_FUNCTION = YES;
				GCC_WARN_UNUSED_VARIABLE = YES;
				IPHONEOS_DEPLOYMENT_TARGET = 14.0;
				MTL_ENABLE_DEBUG_INFO = NO;
				MTL_FAST_MATH = YES;
				SDKROOT = iphoneos;
				SWIFT_COMPILATION_MODE = wholemodule;
				SWIFT_OPTIMIZATION_LEVEL = "-O";
				VALIDATE_PRODUCT = YES;
			};
			name = Release;
		};
		9C6D1AA2256FD1A5001F89BD /* Debug */ = {
			isa = XCBuildConfiguration;
			buildSettings = {
				ASSETCATALOG_COMPILER_APPICON_NAME = AppIcon;
				ASSETCATALOG_COMPILER_GLOBAL_ACCENT_COLOR_NAME = AccentColor;
				CODE_SIGN_STYLE = Automatic;
				DEVELOPMENT_ASSET_PATHS = "\"BSUIR Schedule/Preview Content\"";
				DEVELOPMENT_TEAM = PUUJG7YY2D;
				ENABLE_PREVIEWS = YES;
				INFOPLIST_FILE = "BSUIR Schedule/Info.plist";
				IPHONEOS_DEPLOYMENT_TARGET = 13.6;
				LD_RUNPATH_SEARCH_PATHS = (
					"$(inherited)",
					"@executable_path/Frameworks",
				);
				PRODUCT_BUNDLE_IDENTIFIER = "luxanovy.BSUIR-Schedule";
				PRODUCT_NAME = "$(TARGET_NAME)";
				SWIFT_VERSION = 5.0;
				TARGETED_DEVICE_FAMILY = "1,2";
			};
			name = Debug;
		};
		9C6D1AA3256FD1A5001F89BD /* Release */ = {
			isa = XCBuildConfiguration;
			buildSettings = {
				ASSETCATALOG_COMPILER_APPICON_NAME = AppIcon;
				ASSETCATALOG_COMPILER_GLOBAL_ACCENT_COLOR_NAME = AccentColor;
				CODE_SIGN_STYLE = Automatic;
				DEVELOPMENT_ASSET_PATHS = "\"BSUIR Schedule/Preview Content\"";
				DEVELOPMENT_TEAM = PUUJG7YY2D;
				ENABLE_PREVIEWS = YES;
				INFOPLIST_FILE = "BSUIR Schedule/Info.plist";
				IPHONEOS_DEPLOYMENT_TARGET = 13.6;
				LD_RUNPATH_SEARCH_PATHS = (
					"$(inherited)",
					"@executable_path/Frameworks",
				);
				PRODUCT_BUNDLE_IDENTIFIER = "luxanovy.BSUIR-Schedule";
				PRODUCT_NAME = "$(TARGET_NAME)";
				SWIFT_VERSION = 5.0;
				TARGETED_DEVICE_FAMILY = "1,2";
			};
			name = Release;
		};
/* End XCBuildConfiguration section */

/* Begin XCConfigurationList section */
		9C6D1A88256FD1A2001F89BD /* Build configuration list for PBXProject "BSUIR Schedule" */ = {
			isa = XCConfigurationList;
			buildConfigurations = (
				9C6D1A9F256FD1A5001F89BD /* Debug */,
				9C6D1AA0256FD1A5001F89BD /* Release */,
			);
			defaultConfigurationIsVisible = 0;
			defaultConfigurationName = Release;
		};
		9C6D1AA1256FD1A5001F89BD /* Build configuration list for PBXNativeTarget "BSUIR Schedule" */ = {
			isa = XCConfigurationList;
			buildConfigurations = (
				9C6D1AA2256FD1A5001F89BD /* Debug */,
				9C6D1AA3256FD1A5001F89BD /* Release */,
			);
			defaultConfigurationIsVisible = 0;
			defaultConfigurationName = Release;
		};
/* End XCConfigurationList section */
	};
	rootObject = 9C6D1A85256FD1A2001F89BD /* Project object */;
}
